
Microsoft Visual Studio Solution File, Format Version 12.00
# Visual Studio Version 17
VisualStudioVersion = 17.4.33110.190
MinimumVisualStudioVersion = 10.0.40219.1
Project("{FAE04EC0-301F-11D3-BF4B-00C04F79EFBC}") = "VacheTaureau", "VacheTaureau.csproj", "{187CA333-8C99-49D3-BB36-7248488BCC1B}"
EndProject
Global
	GlobalSection(SolutionConfigurationPlatforms) = preSolution
		Debug|Any CPU = Debug|Any CPU
		Release|Any CPU = Release|Any CPU
	EndGlobalSection
	GlobalSection(ProjectConfigurationPlatforms) = postSolution
		{187CA333-8C99-49D3-BB36-7248488BCC1B}.Debug|Any CPU.ActiveCfg = Debug|Any CPU
		{187CA333-8C99-49D3-BB36-7248488BCC1B}.Debug|Any CPU.Build.0 = Debug|Any CPU
		{187CA333-8C99-49D3-BB36-7248488BCC1B}.Debug|Any CPU.Deploy.0 = Debug|Any CPU
		{187CA333-8C99-49D3-BB36-7248488BCC1B}.Release|Any CPU.ActiveCfg = Release|Any CPU
		{187CA333-8C99-49D3-BB36-7248488BCC1B}.Release|Any CPU.Build.0 = Release|Any CPU
		{187CA333-8C99-49D3-BB36-7248488BCC1B}.Release|Any CPU.Deploy.0 = Release|Any CPU
	EndGlobalSection
	GlobalSection(SolutionProperties) = preSolution
		HideSolutionNode = FALSE
	EndGlobalSection
	GlobalSection(ExtensibilityGlobals) = postSolution
		SolutionGuid = {2769E190-1C67-4E07-870B-F0A3E9C22589}
	EndGlobalSection
EndGlobal
